PODS:
  - GoogleMaps (8.3.0):
    - GoogleMaps/Maps (= 8.3.0)
  - GoogleMaps/Base (8.3.0)
  - GoogleMaps/Maps (8.3.0):
    - GoogleMaps/Base

DEPENDENCIES:
  - GoogleMaps

SPEC REPOS:
  trunk:
    - GoogleMaps

SPEC CHECKSUMS:
  GoogleMaps: 54762190c9741867d03e4e4218672ab5a0a8096b

PODFILE CHECKSUM: e602470fec713c10a74c071bbbfd19c9502bbc96

COCOAPODS: 1.11.3
